// !$*UTF8*$!
{
	archiveVersion = 1;
	classes = {
	};
	objectVersion = 55;
	objects = {

/* Begin PBXBuildFile section */
		891AE0F820B32FC89051D4FB /* Pods_movieList.framework in Frameworks */ = {isa = PBXBuildFile; fileRef = AAE6AAF70146E250455BADC4 /* Pods_movieList.framework */; };
		CE71D1B328451A8F0061D01E /* AppDelegate.swift in Sources */ = {isa = PBXBuildFile; fileRef = CE71D1B228451A8F0061D01E /* AppDelegate.swift */; };
		CE71D1B528451A8F0061D01E /* SceneDelegate.swift in Sources */ = {isa = PBXBuildFile; fileRef = CE71D1B428451A8F0061D01E /* SceneDelegate.swift */; };
		CE71D1BA28451A8F0061D01E /* Main.storyboard in Resources */ = {isa = PBXBuildFile; fileRef = CE71D1B828451A8F0061D01E /* Main.storyboard */; };
		CE71D1BC28451A920061D01E /* Assets.xcassets in Resources */ = {isa = PBXBuildFile; fileRef = CE71D1BB28451A920061D01E /* Assets.xcassets */; };
		CE71D1BF28451A920061D01E /* LaunchScreen.storyboard in Resources */ = {isa = PBXBuildFile; fileRef = CE71D1BD28451A920061D01E /* LaunchScreen.storyboard */; };
		CE71D1CB28451BF20061D01E /* AppCoordinator.swift in Sources */ = {isa = PBXBuildFile; fileRef = CE71D1CA28451BF20061D01E /* AppCoordinator.swift */; };
		CE71D1CE28451C120061D01E /* Coordinator.swift in Sources */ = {isa = PBXBuildFile; fileRef = CE71D1CD28451C120061D01E /* Coordinator.swift */; };
		CE71D1D128451C6B0061D01E /* MovieListViewController.swift in Sources */ = {isa = PBXBuildFile; fileRef = CE71D1D028451C6B0061D01E /* MovieListViewController.swift */; };
		CE71D1D328451C910061D01E /* MovieListVCCoordinator.swift in Sources */ = {isa = PBXBuildFile; fileRef = CE71D1D228451C910061D01E /* MovieListVCCoordinator.swift */; };
		CE71D1D828451CC30061D01E /* MovieListViewModel.swift in Sources */ = {isa = PBXBuildFile; fileRef = CE71D1D728451CC30061D01E /* MovieListViewModel.swift */; };
		CE71D1DB28451CE70061D01E /* MovieListCell.swift in Sources */ = {isa = PBXBuildFile; fileRef = CE71D1DA28451CE70061D01E /* MovieListCell.swift */; };
		CE71D1DE28451D000061D01E /* MovieList.swift in Sources */ = {isa = PBXBuildFile; fileRef = CE71D1DD28451D000061D01E /* MovieList.swift */; };
		CE71D1E128451F8D0061D01E /* GenericDataSource.swift in Sources */ = {isa = PBXBuildFile; fileRef = CE71D1E028451F8D0061D01E /* GenericDataSource.swift */; };
		CE71D1E528451FBF0061D01E /* URL.swift in Sources */ = {isa = PBXBuildFile; fileRef = CE71D1E428451FBF0061D01E /* URL.swift */; };
		CE71D1E728451FDD0061D01E /* URLRequest+Request.swift in Sources */ = {isa = PBXBuildFile; fileRef = CE71D1E628451FDD0061D01E /* URLRequest+Request.swift */; };
		CE71D1E928451FE80061D01E /* JSONDecoder+Decoder.swift in Sources */ = {isa = PBXBuildFile; fileRef = CE71D1E828451FE80061D01E /* JSONDecoder+Decoder.swift */; };
		CE71D1EB28451FF10061D01E /* URLResponse+Extension.swift in Sources */ = {isa = PBXBuildFile; fileRef = CE71D1EA28451FF10061D01E /* URLResponse+Extension.swift */; };
		CE71D1ED28451FFA0061D01E /* UIViewController+Extension.swift in Sources */ = {isa = PBXBuildFile; fileRef = CE71D1EC28451FFA0061D01E /* UIViewController+Extension.swift */; };
		CE71D1EF284520060061D01E /* ImageView+Extension.swift in Sources */ = {isa = PBXBuildFile; fileRef = CE71D1EE284520060061D01E /* ImageView+Extension.swift */; };
		CE71D1F12845203A0061D01E /* WebService.swift in Sources */ = {isa = PBXBuildFile; fileRef = CE71D1F02845203A0061D01E /* WebService.swift */; };
		CE71D1F3284520420061D01E /* HTTPStatusCodes.swift in Sources */ = {isa = PBXBuildFile; fileRef = CE71D1F2284520420061D01E /* HTTPStatusCodes.swift */; };
		CE71D1F62845206B0061D01E /* Reachability.swift in Sources */ = {isa = PBXBuildFile; fileRef = CE71D1F52845206B0061D01E /* Reachability.swift */; };
/* End PBXBuildFile section */

/* Begin PBXFileReference section */
		6C5F1D62202D311BE8F00A97 /* Pods-movieList.debug.xcconfig */ = {isa = PBXFileReference; includeInIndex = 1; lastKnownFileType = text.xcconfig; name = "Pods-movieList.debug.xcconfig"; path = "Target Support Files/Pods-movieList/Pods-movieList.debug.xcconfig"; sourceTree = "<group>"; };
		AAE6AAF70146E250455BADC4 /* Pods_movieList.framework */ = {isa = PBXFileReference; explicitFileType = wrapper.framework; includeInIndex = 0; path = Pods_movieList.framework; sourceTree = BUILT_PRODUCTS_DIR; };
		CE71D1AF28451A8F0061D01E /* movieList.app */ = {isa = PBXFileReference; explicitFileType = wrapper.application; includeInIndex = 0; path = movieList.app; sourceTree = BUILT_PRODUCTS_DIR; };
		CE71D1B228451A8F0061D01E /* AppDelegate.swift */ = {isa = PBXFileReference; lastKnownFileType = sourcecode.swift; path = AppDelegate.swift; sourceTree = "<group>"; };
		CE71D1B428451A8F0061D01E /* SceneDelegate.swift */ = {isa = PBXFileReference; lastKnownFileType = sourcecode.swift; path = SceneDelegate.swift; sourceTree = "<group>"; };
		CE71D1B928451A8F0061D01E /* Base */ = {isa = PBXFileReference; lastKnownFileType = file.storyboard; name = Base; path = Base.lproj/Main.storyboard; sourceTree = "<group>"; };
		CE71D1BB28451A920061D01E /* Assets.xcassets */ = {isa = PBXFileReference; lastKnownFileType = folder.assetcatalog; path = Assets.xcassets; sourceTree = "<group>"; };
		CE71D1BE28451A920061D01E /* Base */ = {isa = PBXFileReference; lastKnownFileType = file.storyboard; name = Base; path = Base.lproj/LaunchScreen.storyboard; sourceTree = "<group>"; };
		CE71D1C028451A920061D01E /* Info.plist */ = {isa = PBXFileReference; lastKnownFileType = text.plist.xml; path = Info.plist; sourceTree = "<group>"; };
		CE71D1CA28451BF20061D01E /* AppCoordinator.swift */ = {isa = PBXFileReference; lastKnownFileType = sourcecode.swift; path = AppCoordinator.swift; sourceTree = "<group>"; };
		CE71D1CD28451C120061D01E /* Coordinator.swift */ = {isa = PBXFileReference; lastKnownFileType = sourcecode.swift; path = Coordinator.swift; sourceTree = "<group>"; };
		CE71D1D028451C6B0061D01E /* MovieListViewController.swift */ = {isa = PBXFileReference; lastKnownFileType = sourcecode.swift; path = MovieListViewController.swift; sourceTree = "<group>"; };
		CE71D1D228451C910061D01E /* MovieListVCCoordinator.swift */ = {isa = PBXFileReference; lastKnownFileType = sourcecode.swift; path = MovieListVCCoordinator.swift; sourceTree = "<group>"; };
		CE71D1D728451CC30061D01E /* MovieListViewModel.swift */ = {isa = PBXFileReference; lastKnownFileType = sourcecode.swift; path = MovieListViewModel.swift; sourceTree = "<group>"; };
		CE71D1DA28451CE70061D01E /* MovieListCell.swift */ = {isa = PBXFileReference; lastKnownFileType = sourcecode.swift; path = MovieListCell.swift; sourceTree = "<group>"; };
		CE71D1DD28451D000061D01E /* MovieList.swift */ = {isa = PBXFileReference; lastKnownFileType = sourcecode.swift; path = MovieList.swift; sourceTree = "<group>"; };
		CE71D1E028451F8D0061D01E /* GenericDataSource.swift */ = {isa = PBXFileReference; lastKnownFileType = sourcecode.swift; path = GenericDataSource.swift; sourceTree = "<group>"; };
		CE71D1E428451FBF0061D01E /* URL.swift */ = {isa = PBXFileReference; lastKnownFileType = sourcecode.swift; path = URL.swift; sourceTree = "<group>"; };
		CE71D1E628451FDD0061D01E /* URLRequest+Request.swift */ = {isa = PBXFileReference; lastKnownFileType = sourcecode.swift; path = "URLRequest+Request.swift"; sourceTree = "<group>"; };
		CE71D1E828451FE80061D01E /* JSONDecoder+Decoder.swift */ = {isa = PBXFileReference; lastKnownFileType = sourcecode.swift; path = "JSONDecoder+Decoder.swift"; sourceTree = "<group>"; };
		CE71D1EA28451FF10061D01E /* URLResponse+Extension.swift */ = {isa = PBXFileReference; lastKnownFileType = sourcecode.swift; path = "URLResponse+Extension.swift"; sourceTree = "<group>"; };
		CE71D1EC28451FFA0061D01E /* UIViewController+Extension.swift */ = {isa = PBXFileReference; lastKnownFileType = sourcecode.swift; path = "UIViewController+Extension.swift"; sourceTree = "<group>"; };
		CE71D1EE284520060061D01E /* ImageView+Extension.swift */ = {isa = PBXFileReference; lastKnownFileType = sourcecode.swift; path = "ImageView+Extension.swift"; sourceTree = "<group>"; };
		CE71D1F02845203A0061D01E /* WebService.swift */ = {isa = PBXFileReference; lastKnownFileType = sourcecode.swift; path = WebService.swift; sourceTree = "<group>"; };
		CE71D1F2284520420061D01E /* HTTPStatusCodes.swift */ = {isa = PBXFileReference; lastKnownFileType = sourcecode.swift; path = HTTPStatusCodes.swift; sourceTree = "<group>"; };
		CE71D1F52845206B0061D01E /* Reachability.swift */ = {isa = PBXFileReference; lastKnownFileType = sourcecode.swift; path = Reachability.swift; sourceTree = "<group>"; };
		F04E604E4ED167284A33BEEB /* Pods-movieList.release.xcconfig */ = {isa = PBXFileReference; includeInIndex = 1; lastKnownFileType = text.xcconfig; name = "Pods-movieList.release.xcconfig"; path = "Target Support Files/Pods-movieList/Pods-movieList.release.xcconfig"; sourceTree = "<group>"; };
/* End PBXFileReference section */

/* Begin PBXFrameworksBuildPhase section */
		CE71D1AC28451A8F0061D01E /* Frameworks */ = {
			isa = PBXFrameworksBuildPhase;
			buildActionMask = 2147483647;
			files = (
				891AE0F820B32FC89051D4FB /* Pods_movieList.framework in Frameworks */,
			);
			runOnlyForDeploymentPostprocessing = 0;
		};
/* End PBXFrameworksBuildPhase section */

/* Begin PBXGroup section */
		4622EC97F04EFE05A38C18AE /* Pods */ = {
			isa = PBXGroup;
			children = (
				6C5F1D62202D311BE8F00A97 /* Pods-movieList.debug.xcconfig */,
				F04E604E4ED167284A33BEEB /* Pods-movieList.release.xcconfig */,
			);
			name = Pods;
			path = Pods;
			sourceTree = "<group>";
		};
		5F8CE3A342398A3D5AA59DEA /* Frameworks */ = {
			isa = PBXGroup;
			children = (
				AAE6AAF70146E250455BADC4 /* Pods_movieList.framework */,
			);
			name = Frameworks;
			sourceTree = "<group>";
		};
		CE71D1A628451A8F0061D01E = {
			isa = PBXGroup;
			children = (
				CE71D1B128451A8F0061D01E /* movieList */,
				CE71D1B028451A8F0061D01E /* Products */,
				4622EC97F04EFE05A38C18AE /* Pods */,
				5F8CE3A342398A3D5AA59DEA /* Frameworks */,
			);
			sourceTree = "<group>";
		};
		CE71D1B028451A8F0061D01E /* Products */ = {
			isa = PBXGroup;
			children = (
				CE71D1AF28451A8F0061D01E /* movieList.app */,
			);
			name = Products;
			sourceTree = "<group>";
		};
		CE71D1B128451A8F0061D01E /* movieList */ = {
			isa = PBXGroup;
			children = (
				CE71D1C828451BBF0061D01E /* AppDelegates */,
				CE71D1C928451BE30061D01E /* Shared */,
				CE71D1C728451BB10061D01E /* Scenes */,
				CE71D1C628451B970061D01E /* View */,
				CE71D1BB28451A920061D01E /* Assets.xcassets */,
				CE71D1BD28451A920061D01E /* LaunchScreen.storyboard */,
				CE71D1C028451A920061D01E /* Info.plist */,
			);
			path = movieList;
			sourceTree = "<group>";
		};
		CE71D1C628451B970061D01E /* View */ = {
			isa = PBXGroup;
			children = (
				CE71D1B828451A8F0061D01E /* Main.storyboard */,
			);
			path = View;
			sourceTree = "<group>";
		};
		CE71D1C728451BB10061D01E /* Scenes */ = {
			isa = PBXGroup;
			children = (
				CE71D1DC28451CF10061D01E /* Model */,
				CE71D1D928451CDB0061D01E /* View */,
				CE71D1D428451CA70061D01E /* ViewModel */,
				CE71D1CF28451C560061D01E /* Controller */,
			);
			path = Scenes;
			sourceTree = "<group>";
		};
		CE71D1C828451BBF0061D01E /* AppDelegates */ = {
			isa = PBXGroup;
			children = (
				CE71D1B228451A8F0061D01E /* AppDelegate.swift */,
				CE71D1B428451A8F0061D01E /* SceneDelegate.swift */,
			);
			path = AppDelegates;
			sourceTree = "<group>";
		};
		CE71D1C928451BE30061D01E /* Shared */ = {
			isa = PBXGroup;
			children = (
				CE71D1F4284520610061D01E /* Utility */,
				CE71D1E328451FB10061D01E /* Extension */,
				CE71D1E228451FA60061D01E /* API */,
				CE71D1DF28451F760061D01E /* DataSource */,
				CE71D1CC28451C090061D01E /* Protocol */,
				CE71D1CA28451BF20061D01E /* AppCoordinator.swift */,
			);
			path = Shared;
			sourceTree = "<group>";
		};
		CE71D1CC28451C090061D01E /* Protocol */ = {
			isa = PBXGroup;
			children = (
				CE71D1CD28451C120061D01E /* Coordinator.swift */,
			);
			path = Protocol;
			sourceTree = "<group>";
		};
		CE71D1CF28451C560061D01E /* Controller */ = {
			isa = PBXGroup;
			children = (
				CE71D1D028451C6B0061D01E /* MovieListViewController.swift */,
				CE71D1D228451C910061D01E /* MovieListVCCoordinator.swift */,
			);
			path = Controller;
			sourceTree = "<group>";
		};
		CE71D1D428451CA70061D01E /* ViewModel */ = {
			isa = PBXGroup;
			children = (
				CE71D1D728451CC30061D01E /* MovieListViewModel.swift */,
			);
			path = ViewModel;
			sourceTree = "<group>";
		};
		CE71D1D928451CDB0061D01E /* View */ = {
			isa = PBXGroup;
			children = (
				CE71D1DA28451CE70061D01E /* MovieListCell.swift */,
			);
			path = View;
			sourceTree = "<group>";
		};
		CE71D1DC28451CF10061D01E /* Model */ = {
			isa = PBXGroup;
			children = (
				CE71D1DD28451D000061D01E /* MovieList.swift */,
			);
			path = Model;
			sourceTree = "<group>";
		};
		CE71D1DF28451F760061D01E /* DataSource */ = {
			isa = PBXGroup;
			children = (
				CE71D1E028451F8D0061D01E /* GenericDataSource.swift */,
			);
			path = DataSource;
			sourceTree = "<group>";
		};
		CE71D1E228451FA60061D01E /* API */ = {
			isa = PBXGroup;
			children = (
				CE71D1E428451FBF0061D01E /* URL.swift */,
				CE71D1F02845203A0061D01E /* WebService.swift */,
				CE71D1F2284520420061D01E /* HTTPStatusCodes.swift */,
			);
			path = API;
			sourceTree = "<group>";
		};
		CE71D1E328451FB10061D01E /* Extension */ = {
			isa = PBXGroup;
			children = (
				CE71D1E628451FDD0061D01E /* URLRequest+Request.swift */,
				CE71D1E828451FE80061D01E /* JSONDecoder+Decoder.swift */,
				CE71D1EA28451FF10061D01E /* URLResponse+Extension.swift */,
				CE71D1EC28451FFA0061D01E /* UIViewController+Extension.swift */,
				CE71D1EE284520060061D01E /* ImageView+Extension.swift */,
			);
			path = Extension;
			sourceTree = "<group>";
		};
		CE71D1F4284520610061D01E /* Utility */ = {
			isa = PBXGroup;
			children = (
				CE71D1F52845206B0061D01E /* Reachability.swift */,
			);
			path = Utility;
			sourceTree = "<group>";
		};
/* End PBXGroup section */

/* Begin PBXNativeTarget section */
		CE71D1AE28451A8F0061D01E /* movieList */ = {
			isa = PBXNativeTarget;
			buildConfigurationList = CE71D1C328451A920061D01E /* Build configuration list for PBXNativeTarget "movieList" */;
			buildPhases = (
				450AF3FA185E0E10DB8610F1 /* [CP] Check Pods Manifest.lock */,
				CE71D1AB28451A8F0061D01E /* Sources */,
				CE71D1AC28451A8F0061D01E /* Frameworks */,
				CE71D1AD28451A8F0061D01E /* Resources */,
				870A51C5B9A928E9174BE136 /* [CP] Embed Pods Frameworks */,
			);
			buildRules = (
			);
			dependencies = (
			);
			name = movieList;
			productName = movieList;
			productReference = CE71D1AF28451A8F0061D01E /* movieList.app */;
			productType = "com.apple.product-type.application";
		};
/* End PBXNativeTarget section */

/* Begin PBXProject section */
		CE71D1A728451A8F0061D01E /* Project object */ = {
			isa = PBXProject;
			attributes = {
				BuildIndependentTargetsInParallel = 1;
				LastSwiftUpdateCheck = 1340;
				LastUpgradeCheck = 1340;
				TargetAttributes = {
					CE71D1AE28451A8F0061D01E = {
						CreatedOnToolsVersion = 13.4;
					};
				};
			};
			buildConfigurationList = CE71D1AA28451A8F0061D01E /* Build configuration list for PBXProject "movieList" */;
			compatibilityVersion = "Xcode 13.0";
			developmentRegion = en;
			hasScannedForEncodings = 0;
			knownRegions = (
				en,
				Base,
			);
			mainGroup = CE71D1A628451A8F0061D01E;
			productRefGroup = CE71D1B028451A8F0061D01E /* Products */;
			projectDirPath = "";
			projectRoot = "";
			targets = (
				CE71D1AE28451A8F0061D01E /* movieList */,
			);
		};
/* End PBXProject section */

/* Begin PBXResourcesBuildPhase section */
		CE71D1AD28451A8F0061D01E /* Resources */ = {
			isa = PBXResourcesBuildPhase;
			buildActionMask = 2147483647;
			files = (
				CE71D1BF28451A920061D01E /* LaunchScreen.storyboard in Resources */,
				CE71D1BC28451A920061D01E /* Assets.xcassets in Resources */,
				CE71D1BA28451A8F0061D01E /* Main.storyboard in Resources */,
			);
			runOnlyForDeploymentPostprocessing = 0;
		};
/* End PBXResourcesBuildPhase section */

/* Begin PBXShellScriptBuildPhase section */
		450AF3FA185E0E10DB8610F1 /* [CP] Check Pods Manifest.lock */ = {
			isa = PBXShellScriptBuildPhase;
			buildActionMask = 2147483647;
			files = (
			);
			inputFileListPaths = (
			);
			inputPaths = (
				"${PODS_PODFILE_DIR_PATH}/Podfile.lock",
				"${PODS_ROOT}/Manifest.lock",
			);
			name = "[CP] Check Pods Manifest.lock";
			outputFileListPaths = (
			);
			outputPaths = (
				"$(DERIVED_FILE_DIR)/Pods-movieList-checkManifestLockResult.txt",
			);
			runOnlyForDeploymentPostprocessing = 0;
			shellPath = /bin/sh;
			shellScript = "diff \"${PODS_PODFILE_DIR_PATH}/Podfile.lock\" \"${PODS_ROOT}/Manifest.lock\" > /dev/null\nif [ $? != 0 ] ; then\n    # print error to STDERR\n    echo \"error: The sandbox is not in sync with the Podfile.lock. Run 'pod install' or update your CocoaPods installation.\" >&2\n    exit 1\nfi\n# This output is used by Xcode 'outputs' to avoid re-running this script phase.\necho \"SUCCESS\" > \"${SCRIPT_OUTPUT_FILE_0}\"\n";
			showEnvVarsInLog = 0;
		};
		870A51C5B9A928E9174BE136 /* [CP] Embed Pods Frameworks */ = {
			isa = PBXShellScriptBuildPhase;
			buildActionMask = 2147483647;
			files = (
			);
			inputFileListPaths = (
				"${PODS_ROOT}/Target Support Files/Pods-movieList/Pods-movieList-frameworks-${CONFIGURATION}-input-files.xcfilelist",
			);
			name = "[CP] Embed Pods Frameworks";
			outputFileListPaths = (
				"${PODS_ROOT}/Target Support Files/Pods-movieList/Pods-movieList-frameworks-${CONFIGURATION}-output-files.xcfilelist",
			);
			runOnlyForDeploymentPostprocessing = 0;
			shellPath = /bin/sh;
			shellScript = "\"${PODS_ROOT}/Target Support Files/Pods-movieList/Pods-movieList-frameworks.sh\"\n";
			showEnvVarsInLog = 0;
		};
/* End PBXShellScriptBuildPhase section */

/* Begin PBXSourcesBuildPhase section */
		CE71D1AB28451A8F0061D01E /* Sources */ = {
			isa = PBXSourcesBuildPhase;
			buildActionMask = 2147483647;
			files = (
				CE71D1E128451F8D0061D01E /* GenericDataSource.swift in Sources */,
				CE71D1DE28451D000061D01E /* MovieList.swift in Sources */,
				CE71D1F62845206B0061D01E /* Reachability.swift in Sources */,
				CE71D1CB28451BF20061D01E /* AppCoordinator.swift in Sources */,
				CE71D1ED28451FFA0061D01E /* UIViewController+Extension.swift in Sources */,
				CE71D1F12845203A0061D01E /* WebService.swift in Sources */,
				CE71D1E528451FBF0061D01E /* URL.swift in Sources */,
				CE71D1D128451C6B0061D01E /* MovieListViewController.swift in Sources */,
				CE71D1E928451FE80061D01E /* JSONDecoder+Decoder.swift in Sources */,
				CE71D1DB28451CE70061D01E /* MovieListCell.swift in Sources */,
				CE71D1D328451C910061D01E /* MovieListVCCoordinator.swift in Sources */,
				CE71D1E728451FDD0061D01E /* URLRequest+Request.swift in Sources */,
				CE71D1EF284520060061D01E /* ImageView+Extension.swift in Sources */,
				CE71D1D828451CC30061D01E /* MovieListViewModel.swift in Sources */,
				CE71D1EB28451FF10061D01E /* URLResponse+Extension.swift in Sources */,
				CE71D1CE28451C120061D01E /* Coordinator.swift in Sources */,
				CE71D1B328451A8F0061D01E /* AppDelegate.swift in Sources */,
				CE71D1F3284520420061D01E /* HTTPStatusCodes.swift in Sources */,
				CE71D1B528451A8F0061D01E /* SceneDelegate.swift in Sources */,
			);
			runOnlyForDeploymentPostprocessing = 0;
		};
/* End PBXSourcesBuildPhase section */

/* Begin PBXVariantGroup section */
		CE71D1B828451A8F0061D01E /* Main.storyboard */ = {
			isa = PBXVariantGroup;
			children = (
				CE71D1B928451A8F0061D01E /* Base */,
			);
			name = Main.storyboard;
			sourceTree = "<group>";
		};
		CE71D1BD28451A920061D01E /* LaunchScreen.storyboard */ = {
			isa = PBXVariantGroup;
			children = (
				CE71D1BE28451A920061D01E /* Base */,
			);
			name = LaunchScreen.storyboard;
			sourceTree = "<group>";
		};
/* End PBXVariantGroup section */

/* Begin XCBuildConfiguration section */
		CE71D1C128451A920061D01E /* Debug */ = {
			isa = XCBuildConfiguration;
			buildSettings = {
				ALWAYS_SEARCH_USER_PATHS = NO;
				CLANG_ANALYZER_NONNULL = YES;
				CLANG_ANALYZER_NUMBER_OBJECT_CONVERSION = YES_AGGRESSIVE;
				CLANG_CXX_LANGUAGE_STANDARD = "gnu++17";
				CLANG_ENABLE_MODULES = YES;
				CLANG_ENABLE_OBJC_ARC = YES;
				CLANG_ENABLE_OBJC_WEAK = YES;
				CLANG_WARN_BLOCK_CAPTURE_AUTORELEASING = YES;
				CLANG_WARN_BOOL_CONVERSION = YES;
				CLANG_WARN_COMMA = YES;
				CLANG_WARN_CONSTANT_CONVERSION = YES;
				CLANG_WARN_DEPRECATED_OBJC_IMPLEMENTATIONS = YES;
				CLANG_WARN_DIRECT_OBJC_ISA_USAGE = YES_ERROR;
				CLANG_WARN_DOCUMENTATION_COMMENTS = YES;
				CLANG_WARN_EMPTY_BODY = YES;
				CLANG_WARN_ENUM_CONVERSION = YES;
				CLANG_WARN_INFINITE_RECURSION = YES;
				CLANG_WARN_INT_CONVERSION = YES;
				CLANG_WARN_NON_LITERAL_NULL_CONVERSION = YES;
				CLANG_WARN_OBJC_IMPLICIT_RETAIN_SELF = YES;
				CLANG_WARN_OBJC_LITERAL_CONVERSION = YES;
				CLANG_WARN_OBJC_ROOT_CLASS = YES_ERROR;
				CLANG_WARN_QUOTED_INCLUDE_IN_FRAMEWORK_HEADER = YES;
				CLANG_WARN_RANGE_LOOP_ANALYSIS = YES;
				CLANG_WARN_STRICT_PROTOTYPES = YES;
				CLANG_WARN_SUSPICIOUS_MOVE = YES;
				CLANG_WARN_UNGUARDED_AVAILABILITY = YES_AGGRESSIVE;
				CLANG_WARN_UNREACHABLE_CODE = YES;
				CLANG_WARN__DUPLICATE_METHOD_MATCH = YES;
				COPY_PHASE_STRIP = NO;
				DEBUG_INFORMATION_FORMAT = dwarf;
				ENABLE_STRICT_OBJC_MSGSEND = YES;
				ENABLE_TESTABILITY = YES;
				GCC_C_LANGUAGE_STANDARD = gnu11;
				GCC_DYNAMIC_NO_PIC = NO;
				GCC_NO_COMMON_BLOCKS = YES;
				GCC_OPTIMIZATION_LEVEL = 0;
				GCC_PREPROCESSOR_DEFINITIONS = (
					"DEBUG=1",
					"$(inherited)",
				);
				GCC_WARN_64_TO_32_BIT_CONVERSION = YES;
				GCC_WARN_ABOUT_RETURN_TYPE = YES_ERROR;
				GCC_WARN_UNDECLARED_SELECTOR = YES;
				GCC_WARN_UNINITIALIZED_AUTOS = YES_AGGRESSIVE;
				GCC_WARN_UNUSED_FUNCTION = YES;
				GCC_WARN_UNUSED_VARIABLE = YES;
				IPHONEOS_DEPLOYMENT_TARGET = 15.5;
				MTL_ENABLE_DEBUG_INFO = INCLUDE_SOURCE;
				MTL_FAST_MATH = YES;
				ONLY_ACTIVE_ARCH = YES;
				SDKROOT = iphoneos;
				SWIFT_ACTIVE_COMPILATION_CONDITIONS = DEBUG;
				SWIFT_OPTIMIZATION_LEVEL = "-Onone";
			};
			name = Debug;
		};
		CE71D1C228451A920061D01E /* Release */ = {
			isa = XCBuildConfiguration;
			buildSettings = {
				ALWAYS_SEARCH_USER_PATHS = NO;
				CLANG_ANALYZER_NONNULL = YES;
				CLANG_ANALYZER_NUMBER_OBJECT_CONVERSION = YES_AGGRESSIVE;
				CLANG_CXX_LANGUAGE_STANDARD = "gnu++17";
				CLANG_ENABLE_MODULES = YES;
				CLANG_ENABLE_OBJC_ARC = YES;
				CLANG_ENABLE_OBJC_WEAK = YES;
				CLANG_WARN_BLOCK_CAPTURE_AUTORELEASING = YES;
				CLANG_WARN_BOOL_CONVERSION = YES;
				CLANG_WARN_COMMA = YES;
				CLANG_WARN_CONSTANT_CONVERSION = YES;
				CLANG_WARN_DEPRECATED_OBJC_IMPLEMENTATIONS = YES;
				CLANG_WARN_DIRECT_OBJC_ISA_USAGE = YES_ERROR;
				CLANG_WARN_DOCUMENTATION_COMMENTS = YES;
				CLANG_WARN_EMPTY_BODY = YES;
				CLANG_WARN_ENUM_CONVERSION = YES;
				CLANG_WARN_INFINITE_RECURSION = YES;
				CLANG_WARN_INT_CONVERSION = YES;
				CLANG_WARN_NON_LITERAL_NULL_CONVERSION = YES;
				CLANG_WARN_OBJC_IMPLICIT_RETAIN_SELF = YES;
				CLANG_WARN_OBJC_LITERAL_CONVERSION = YES;
				CLANG_WARN_OBJC_ROOT_CLASS = YES_ERROR;
				CLANG_WARN_QUOTED_INCLUDE_IN_FRAMEWORK_HEADER = YES;
				CLANG_WARN_RANGE_LOOP_ANALYSIS = YES;
				CLANG_WARN_STRICT_PROTOTYPES = YES;
				CLANG_WARN_SUSPICIOUS_MOVE = YES;
				CLANG_WARN_UNGUARDED_AVAILABILITY = YES_AGGRESSIVE;
				CLANG_WARN_UNREACHABLE_CODE = YES;
				CLANG_WARN__DUPLICATE_METHOD_MATCH = YES;
				COPY_PHASE_STRIP = NO;
				DEBUG_INFORMATION_FORMAT = "dwarf-with-dsym";
				ENABLE_NS_ASSERTIONS = NO;
				ENABLE_STRICT_OBJC_MSGSEND = YES;
				GCC_C_LANGUAGE_STANDARD = gnu11;
				GCC_NO_COMMON_BLOCKS = YES;
				GCC_WARN_64_TO_32_BIT_CONVERSION = YES;
				GCC_WARN_ABOUT_RETURN_TYPE = YES_ERROR;
				GCC_WARN_UNDECLARED_SELECTOR = YES;
				GCC_WARN_UNINITIALIZED_AUTOS = YES_AGGRESSIVE;
				GCC_WARN_UNUSED_FUNCTION = YES;
				GCC_WARN_UNUSED_VARIABLE = YES;
				IPHONEOS_DEPLOYMENT_TARGET = 15.5;
				MTL_ENABLE_DEBUG_INFO = NO;
				MTL_FAST_MATH = YES;
				SDKROOT = iphoneos;
				SWIFT_COMPILATION_MODE = wholemodule;
				SWIFT_OPTIMIZATION_LEVEL = "-O";
				VALIDATE_PRODUCT = YES;
			};
			name = Release;
		};
		CE71D1C428451A920061D01E /* Debug */ = {
			isa = XCBuildConfiguration;
			baseConfigurationReference = 6C5F1D62202D311BE8F00A97 /* Pods-movieList.debug.xcconfig */;
			buildSettings = {
				ASSETCATALOG_COMPILER_APPICON_NAME = AppIcon;
				ASSETCATALOG_COMPILER_GLOBAL_ACCENT_COLOR_NAME = AccentColor;
				CODE_SIGN_STYLE = Automatic;
				CURRENT_PROJECT_VERSION = 1;
				DEVELOPMENT_TEAM = B7LHH7P3C9;
				GENERATE_INFOPLIST_FILE = YES;
				INFOPLIST_FILE = movieList/Info.plist;
				INFOPLIST_KEY_UIApplicationSupportsIndirectInputEvents = YES;
				INFOPLIST_KEY_UILaunchStoryboardName = LaunchScreen;
				INFOPLIST_KEY_UIMainStoryboardFile = Main;
				INFOPLIST_KEY_UISupportedInterfaceOrientations_iPad = "UIInterfaceOrientationPortrait UIInterfaceOrientationPortraitUpsideDown UIInterfaceOrientationLandscapeLeft UIInterfaceOrientationLandscapeRight";
				INFOPLIST_KEY_UISupportedInterfaceOrientations_iPhone = "UIInterfaceOrientationPortrait UIInterfaceOrientationLandscapeLeft UIInterfaceOrientationLandscapeRight";
				IPHONEOS_DEPLOYMENT_TARGET = 15.0;
				LD_RUNPATH_SEARCH_PATHS = (
					"$(inherited)",
					"@executable_path/Frameworks",
				);
				MARKETING_VERSION = 1.0;
				PRODUCT_BUNDLE_IDENTIFIER = com.asif.movieList;
				PRODUCT_NAME = "$(TARGET_NAME)";
				SWIFT_EMIT_LOC_STRINGS = YES;
				SWIFT_VERSION = 5.0;
				TARGETED_DEVICE_FAMILY = "1,2";
			};
			name = Debug;
		};
		CE71D1C528451A920061D01E /* Release */ = {
			isa = XCBuildConfiguration;
			baseConfigurationReference = F04E604E4ED167284A33BEEB /* Pods-movieList.release.xcconfig */;
			buildSettings = {
				ASSETCATALOG_COMPILER_APPICON_NAME = AppIcon;
				ASSETCATALOG_COMPILER_GLOBAL_ACCENT_COLOR_NAME = AccentColor;
				CODE_SIGN_STYLE = Automatic;
				CURRENT_PROJECT_VERSION = 1;
				DEVELOPMENT_TEAM = B7LHH7P3C9;
				GENERATE_INFOPLIST_FILE = YES;
				INFOPLIST_FILE = movieList/Info.plist;
				INFOPLIST_KEY_UIApplicationSupportsIndirectInputEvents = YES;
				INFOPLIST_KEY_UILaunchStoryboardName = LaunchScreen;
				INFOPLIST_KEY_UIMainStoryboardFile = Main;
				INFOPLIST_KEY_UISupportedInterfaceOrientations_iPad = "UIInterfaceOrientationPortrait UIInterfaceOrientationPortraitUpsideDown UIInterfaceOrientationLandscapeLeft UIInterfaceOrientationLandscapeRight";
				INFOPLIST_KEY_UISupportedInterfaceOrientations_iPhone = "UIInterfaceOrientationPortrait UIInterfaceOrientationLandscapeLeft UIInterfaceOrientationLandscapeRight";
				IPHONEOS_DEPLOYMENT_TARGET = 15.0;
				LD_RUNPATH_SEARCH_PATHS = (
					"$(inherited)",
					"@executable_path/Frameworks",
				);
				MARKETING_VERSION = 1.0;
				PRODUCT_BUNDLE_IDENTIFIER = com.asif.movieList;
				PRODUCT_NAME = "$(TARGET_NAME)";
				SWIFT_EMIT_LOC_STRINGS = YES;
				SWIFT_VERSION = 5.0;
				TARGETED_DEVICE_FAMILY = "1,2";
			};
			name = Release;
		};
/* End XCBuildConfiguration section */

/* Begin XCConfigurationList section */
		CE71D1AA28451A8F0061D01E /* Build configuration list for PBXProject "movieList" */ = {
			isa = XCConfigurationList;
			buildConfigurations = (
				CE71D1C128451A920061D01E /* Debug */,
				CE71D1C228451A920061D01E /* Release */,
			);
			defaultConfigurationIsVisible = 0;
			defaultConfigurationName = Release;
		};
		CE71D1C328451A920061D01E /* Build configuration list for PBXNativeTarget "movieList" */ = {
			isa = XCConfigurationList;
			buildConfigurations = (
				CE71D1C428451A920061D01E /* Debug */,
				CE71D1C528451A920061D01E /* Release */,
			);
			defaultConfigurationIsVisible = 0;
			defaultConfigurationName = Release;
		};
/* End XCConfigurationList section */
	};
	rootObject = CE71D1A728451A8F0061D01E /* Project object */;
}
